
Microsoft Visual Studio Solution File, Format Version 12.00
# Visual Studio 14
VisualStudioVersion = 14.0.25123.0
MinimumVisualStudioVersion = 10.0.40219.1
Project("{8BB2217D-0F2D-49D1-97BC-3654ED321F3B}") = "WebAppNetCore", "WebAppNetCore\WebAppNetCore.xproj", "{C07F449E-CF3A-4E1A-AD6C-368701E05866}"
EndProject
Project("{8BB2217D-0F2D-49D1-97BC-3654ED321F3B}") = "WebAppNetCoreNetFramework", "WebAppNetCoreNetFramework\WebAppNetCoreNetFramework.xproj", "{3B08A1F2-72FA-4E0B-8550-6EB9AABAFBB8}"
EndProject
Project("{8BB2217D-0F2D-49D1-97BC-3654ED321F3B}") = "WebAppClient", "WebAppClient\WebAppClient.xproj", "{C1EE793D-A678-47F1-B6D3-B1B8A1BFE039}"
EndProject
Global
	GlobalSection(SolutionConfigurationPlatforms) = preSolution
		Debug|Any CPU = Debug|Any CPU
		Release|Any CPU = Release|Any CPU
	EndGlobalSection
	GlobalSection(ProjectConfigurationPlatforms) = postSolution
		{C07F449E-CF3A-4E1A-AD6C-368701E05866}.Debug|Any CPU.ActiveCfg = Debug|Any CPU
		{C07F449E-CF3A-4E1A-AD6C-368701E05866}.Debug|Any CPU.Build.0 = Debug|Any CPU
		{C07F449E-CF3A-4E1A-AD6C-368701E05866}.Release|Any CPU.ActiveCfg = Release|Any CPU
		{C07F449E-CF3A-4E1A-AD6C-368701E05866}.Release|Any CPU.Build.0 = Release|Any CPU
		{3B08A1F2-72FA-4E0B-8550-6EB9AABAFBB8}.Debug|Any CPU.ActiveCfg = Debug|Any CPU
		{3B08A1F2-72FA-4E0B-8550-6EB9AABAFBB8}.Debug|Any CPU.Build.0 = Debug|Any CPU
		{3B08A1F2-72FA-4E0B-8550-6EB9AABAFBB8}.Release|Any CPU.ActiveCfg = Release|Any CPU
		{3B08A1F2-72FA-4E0B-8550-6EB9AABAFBB8}.Release|Any CPU.Build.0 = Release|Any CPU
		{C1EE793D-A678-47F1-B6D3-B1B8A1BFE039}.Debug|Any CPU.ActiveCfg = Debug|Any CPU
		{C1EE793D-A678-47F1-B6D3-B1B8A1BFE039}.Debug|Any CPU.Build.0 = Debug|Any CPU
		{C1EE793D-A678-47F1-B6D3-B1B8A1BFE039}.Release|Any CPU.ActiveCfg = Release|Any CPU
		{C1EE793D-A678-47F1-B6D3-B1B8A1BFE039}.Release|Any CPU.Build.0 = Release|Any CPU
	EndGlobalSection
	GlobalSection(SolutionProperties) = preSolution
		HideSolutionNode = FALSE
	EndGlobalSection
EndGlobal
